
Microsoft Visual Studio Solution File, Format Version 12.00
# Visual Studio Version 16
VisualStudioVersion = 16.0.30204.135
MinimumVisualStudioVersion = 10.0.40219.1
Project("{9A19103F-16F7-4668-BE54-9A1E7A4F7556}") = "Xamarin.Forms.GoogleMaps", "lib\Xamarin.Forms.GoogleMaps\Xamarin.Forms.GoogleMaps.csproj", "{0527D41F-73BA-41B1-89BA-BDE66C7B69B9}"
EndProject
Project("{FAE04EC0-301F-11D3-BF4B-00C04F79EFBC}") = "Xamarin.Forms.GoogleMaps.Android", "lib\Xamarin.Forms.GoogleMaps.Android\Xamarin.Forms.GoogleMaps.Android.csproj", "{8C4C85B1-83E6-4942-96CA-DC811FBA0D93}"
EndProject
Project("{2150E333-8FDC-42A3-9474-1A3956D46DE8}") = "sample", "sample", "{DCE84D17-C043-4299-91A1-3B638BA96764}"
EndProject
Project("{2150E333-8FDC-42A3-9474-1A3956D46DE8}") = "lib", "lib", "{A2EB4667-9D83-473F-BFB1-5D5C66F4C4FB}"
EndProject
Project("{FAE04EC0-301F-11D3-BF4B-00C04F79EFBC}") = "XFGoogleMapSample.Android", "sample\XFGoogleMapSample.Android\XFGoogleMapSample.Android.csproj", "{16AC7FBD-347B-417A-B6A4-C525CE387B40}"
EndProject
Project("{FAE04EC0-301F-11D3-BF4B-00C04F79EFBC}") = "XFGoogleMapSample.iOS", "sample\XFGoogleMapSample.iOS\XFGoogleMapSample.iOS.csproj", "{6C229C79-E597-42A1-8DA4-AF3A6C5DF11E}"
EndProject
Project("{9A19103F-16F7-4668-BE54-9A1E7A4F7556}") = "XFGoogleMapSample", "sample\XFGoogleMapSample\XFGoogleMapSample.csproj", "{431CB8CD-AB0B-4742-9894-FE6B096C961D}"
EndProject
Project("{FAE04EC0-301F-11D3-BF4B-00C04F79EFBC}") = "Xamarin.Forms.GoogleMaps.iOS", "lib\Xamarin.Forms.GoogleMaps.iOS\Xamarin.Forms.GoogleMaps.iOS.csproj", "{3E30FC2E-9F71-41A9-80BB-8835E8DE3A0E}"
EndProject
Global
	GlobalSection(SolutionConfigurationPlatforms) = preSolution
		Debug|Any CPU = Debug|Any CPU
		Debug|iPhone = Debug|iPhone
		Debug|iPhoneSimulator = Debug|iPhoneSimulator
		Release|Any CPU = Release|Any CPU
		Release|iPhone = Release|iPhone
		Release|iPhoneSimulator = Release|iPhoneSimulator
	EndGlobalSection
	GlobalSection(ProjectConfigurationPlatforms) = postSolution
		{0527D41F-73BA-41B1-89BA-BDE66C7B69B9}.Debug|Any CPU.ActiveCfg = Debug|Any CPU
		{0527D41F-73BA-41B1-89BA-BDE66C7B69B9}.Debug|Any CPU.Build.0 = Debug|Any CPU
		{0527D41F-73BA-41B1-89BA-BDE66C7B69B9}.Debug|iPhone.ActiveCfg = Debug|Any CPU
		{0527D41F-73BA-41B1-89BA-BDE66C7B69B9}.Debug|iPhone.Build.0 = Debug|Any CPU
		{0527D41F-73BA-41B1-89BA-BDE66C7B69B9}.Debug|iPhoneSimulator.ActiveCfg = Debug|Any CPU
		{0527D41F-73BA-41B1-89BA-BDE66C7B69B9}.Debug|iPhoneSimulator.Build.0 = Debug|Any CPU
		{0527D41F-73BA-41B1-89BA-BDE66C7B69B9}.Release|Any CPU.ActiveCfg = Release|Any CPU
		{0527D41F-73BA-41B1-89BA-BDE66C7B69B9}.Release|Any CPU.Build.0 = Release|Any CPU
		{0527D41F-73BA-41B1-89BA-BDE66C7B69B9}.Release|iPhone.ActiveCfg = Release|Any CPU
		{0527D41F-73BA-41B1-89BA-BDE66C7B69B9}.Release|iPhone.Build.0 = Release|Any CPU
		{0527D41F-73BA-41B1-89BA-BDE66C7B69B9}.Release|iPhoneSimulator.ActiveCfg = Release|Any CPU
		{0527D41F-73BA-41B1-89BA-BDE66C7B69B9}.Release|iPhoneSimulator.Build.0 = Release|Any CPU
		{8C4C85B1-83E6-4942-96CA-DC811FBA0D93}.Debug|Any CPU.ActiveCfg = Debug|Any CPU
		{8C4C85B1-83E6-4942-96CA-DC811FBA0D93}.Debug|Any CPU.Build.0 = Debug|Any CPU
		{8C4C85B1-83E6-4942-96CA-DC811FBA0D93}.Debug|iPhone.ActiveCfg = Debug|Any CPU
		{8C4C85B1-83E6-4942-96CA-DC811FBA0D93}.Debug|iPhone.Build.0 = Debug|Any CPU
		{8C4C85B1-83E6-4942-96CA-DC811FBA0D93}.Debug|iPhoneSimulator.ActiveCfg = Debug|Any CPU
		{8C4C85B1-83E6-4942-96CA-DC811FBA0D93}.Debug|iPhoneSimulator.Build.0 = Debug|Any CPU
		{8C4C85B1-83E6-4942-96CA-DC811FBA0D93}.Release|Any CPU.ActiveCfg = Release|Any CPU
		{8C4C85B1-83E6-4942-96CA-DC811FBA0D93}.Release|Any CPU.Build.0 = Release|Any CPU
		{8C4C85B1-83E6-4942-96CA-DC811FBA0D93}.Release|iPhone.ActiveCfg = Release|Any CPU
		{8C4C85B1-83E6-4942-96CA-DC811FBA0D93}.Release|iPhone.Build.0 = Release|Any CPU
		{8C4C85B1-83E6-4942-96CA-DC811FBA0D93}.Release|iPhoneSimulator.ActiveCfg = Release|Any CPU
		{8C4C85B1-83E6-4942-96CA-DC811FBA0D93}.Release|iPhoneSimulator.Build.0 = Release|Any CPU
		{16AC7FBD-347B-417A-B6A4-C525CE387B40}.Debug|Any CPU.ActiveCfg = Debug|Any CPU
		{16AC7FBD-347B-417A-B6A4-C525CE387B40}.Debug|Any CPU.Build.0 = Debug|Any CPU
		{16AC7FBD-347B-417A-B6A4-C525CE387B40}.Debug|Any CPU.Deploy.0 = Debug|Any CPU
		{16AC7FBD-347B-417A-B6A4-C525CE387B40}.Debug|iPhone.ActiveCfg = Debug|Any CPU
		{16AC7FBD-347B-417A-B6A4-C525CE387B40}.Debug|iPhone.Build.0 = Debug|Any CPU
		{16AC7FBD-347B-417A-B6A4-C525CE387B40}.Debug|iPhone.Deploy.0 = Debug|Any CPU
		{16AC7FBD-347B-417A-B6A4-C525CE387B40}.Debug|iPhoneSimulator.ActiveCfg = Debug|Any CPU
		{16AC7FBD-347B-417A-B6A4-C525CE387B40}.Debug|iPhoneSimulator.Build.0 = Debug|Any CPU
		{16AC7FBD-347B-417A-B6A4-C525CE387B40}.Debug|iPhoneSimulator.Deploy.0 = Debug|Any CPU
		{16AC7FBD-347B-417A-B6A4-C525CE387B40}.Release|Any CPU.ActiveCfg = Release|Any CPU
		{16AC7FBD-347B-417A-B6A4-C525CE387B40}.Release|Any CPU.Build.0 = Release|Any CPU
		{16AC7FBD-347B-417A-B6A4-C525CE387B40}.Release|Any CPU.Deploy.0 = Release|Any CPU
		{16AC7FBD-347B-417A-B6A4-C525CE387B40}.Release|iPhone.ActiveCfg = Release|Any CPU
		{16AC7FBD-347B-417A-B6A4-C525CE387B40}.Release|iPhone.Build.0 = Release|Any CPU
		{16AC7FBD-347B-417A-B6A4-C525CE387B40}.Release|iPhone.Deploy.0 = Release|Any CPU
		{16AC7FBD-347B-417A-B6A4-C525CE387B40}.Release|iPhoneSimulator.ActiveCfg = Release|Any CPU
		{16AC7FBD-347B-417A-B6A4-C525CE387B40}.Release|iPhoneSimulator.Build.0 = Release|Any CPU
		{16AC7FBD-347B-417A-B6A4-C525CE387B40}.Release|iPhoneSimulator.Deploy.0 = Release|Any CPU
		{6C229C79-E597-42A1-8DA4-AF3A6C5DF11E}.Debug|Any CPU.ActiveCfg = Debug|iPhone
		{6C229C79-E597-42A1-8DA4-AF3A6C5DF11E}.Debug|iPhone.ActiveCfg = Debug|iPhone
		{6C229C79-E597-42A1-8DA4-AF3A6C5DF11E}.Debug|iPhone.Build.0 = Debug|iPhone
		{6C229C79-E597-42A1-8DA4-AF3A6C5DF11E}.Debug|iPhoneSimulator.ActiveCfg = Debug|iPhoneSimulator
		{6C229C79-E597-42A1-8DA4-AF3A6C5DF11E}.Debug|iPhoneSimulator.Build.0 = Debug|iPhoneSimulator
		{6C229C79-E597-42A1-8DA4-AF3A6C5DF11E}.Release|Any CPU.ActiveCfg = Release|iPhone
		{6C229C79-E597-42A1-8DA4-AF3A6C5DF11E}.Release|iPhone.ActiveCfg = Release|iPhone
		{6C229C79-E597-42A1-8DA4-AF3A6C5DF11E}.Release|iPhone.Build.0 = Release|iPhone
		{6C229C79-E597-42A1-8DA4-AF3A6C5DF11E}.Release|iPhoneSimulator.ActiveCfg = Release|iPhoneSimulator
		{6C229C79-E597-42A1-8DA4-AF3A6C5DF11E}.Release|iPhoneSimulator.Build.0 = Release|iPhoneSimulator
		{431CB8CD-AB0B-4742-9894-FE6B096C961D}.Debug|Any CPU.ActiveCfg = Debug|Any CPU
		{431CB8CD-AB0B-4742-9894-FE6B096C961D}.Debug|Any CPU.Build.0 = Debug|Any CPU
		{431CB8CD-AB0B-4742-9894-FE6B096C961D}.Debug|iPhone.ActiveCfg = Debug|Any CPU
		{431CB8CD-AB0B-4742-9894-FE6B096C961D}.Debug|iPhone.Build.0 = Debug|Any CPU
		{431CB8CD-AB0B-4742-9894-FE6B096C961D}.Debug|iPhoneSimulator.ActiveCfg = Debug|Any CPU
		{431CB8CD-AB0B-4742-9894-FE6B096C961D}.Debug|iPhoneSimulator.Build.0 = Debug|Any CPU
		{431CB8CD-AB0B-4742-9894-FE6B096C961D}.Release|Any CPU.ActiveCfg = Release|Any CPU
		{431CB8CD-AB0B-4742-9894-FE6B096C961D}.Release|Any CPU.Build.0 = Release|Any CPU
		{431CB8CD-AB0B-4742-9894-FE6B096C961D}.Release|iPhone.ActiveCfg = Release|Any CPU
		{431CB8CD-AB0B-4742-9894-FE6B096C961D}.Release|iPhone.Build.0 = Release|Any CPU
		{431CB8CD-AB0B-4742-9894-FE6B096C961D}.Release|iPhoneSimulator.ActiveCfg = Release|Any CPU
		{431CB8CD-AB0B-4742-9894-FE6B096C961D}.Release|iPhoneSimulator.Build.0 = Release|Any CPU
		{3E30FC2E-9F71-41A9-80BB-8835E8DE3A0E}.Debug|Any CPU.ActiveCfg = Debug|Any CPU
		{3E30FC2E-9F71-41A9-80BB-8835E8DE3A0E}.Debug|Any CPU.Build.0 = Debug|Any CPU
		{3E30FC2E-9F71-41A9-80BB-8835E8DE3A0E}.Debug|iPhone.ActiveCfg = Debug|Any CPU
		{3E30FC2E-9F71-41A9-80BB-8835E8DE3A0E}.Debug|iPhone.Build.0 = Debug|Any CPU
		{3E30FC2E-9F71-41A9-80BB-8835E8DE3A0E}.Debug|iPhoneSimulator.ActiveCfg = Debug|Any CPU
		{3E30FC2E-9F71-41A9-80BB-8835E8DE3A0E}.Debug|iPhoneSimulator.Build.0 = Debug|Any CPU
		{3E30FC2E-9F71-41A9-80BB-8835E8DE3A0E}.Release|Any CPU.ActiveCfg = Release|Any CPU
		{3E30FC2E-9F71-41A9-80BB-8835E8DE3A0E}.Release|Any CPU.Build.0 = Release|Any CPU
		{3E30FC2E-9F71-41A9-80BB-8835E8DE3A0E}.Release|iPhone.ActiveCfg = Release|Any CPU
		{3E30FC2E-9F71-41A9-80BB-8835E8DE3A0E}.Release|iPhone.Build.0 = Release|Any CPU
		{3E30FC2E-9F71-41A9-80BB-8835E8DE3A0E}.Release|iPhoneSimulator.ActiveCfg = Release|Any CPU
		{3E30FC2E-9F71-41A9-80BB-8835E8DE3A0E}.Release|iPhoneSimulator.Build.0 = Release|Any CPU
	EndGlobalSection
	GlobalSection(SolutionProperties) = preSolution
		HideSolutionNode = FALSE
	EndGlobalSection
	GlobalSection(NestedProjects) = preSolution
		{0527D41F-73BA-41B1-89BA-BDE66C7B69B9} = {A2EB4667-9D83-473F-BFB1-5D5C66F4C4FB}
		{8C4C85B1-83E6-4942-96CA-DC811FBA0D93} = {A2EB4667-9D83-473F-BFB1-5D5C66F4C4FB}
		{16AC7FBD-347B-417A-B6A4-C525CE387B40} = {DCE84D17-C043-4299-91A1-3B638BA96764}
		{6C229C79-E597-42A1-8DA4-AF3A6C5DF11E} = {DCE84D17-C043-4299-91A1-3B638BA96764}
		{431CB8CD-AB0B-4742-9894-FE6B096C961D} = {DCE84D17-C043-4299-91A1-3B638BA96764}
		{3E30FC2E-9F71-41A9-80BB-8835E8DE3A0E} = {A2EB4667-9D83-473F-BFB1-5D5C66F4C4FB}
	EndGlobalSection
	GlobalSection(ExtensibilityGlobals) = postSolution
		SolutionGuid = {C0E807DB-6B9B-4B48-9261-B798C6FA82BE}
	EndGlobalSection
EndGlobal
